<?xml version="1.0" encoding="utf-8"?>
<Project ToolsVersion="4.0" xmlns="http://schemas.microsoft.com/developer/msbuild/2003">
  <ItemGroup>
    <ClCompile Include="Source\Application.cpp" />
    <ClCompile Include="Source\Camera.cpp" />
    <ClCompile Include="Source\CarnivalHitBoxes.cpp" />
    <ClCompile Include="Source\CircusTent.cpp" />
    <ClCompile Include="Source\carnivalroaming.cpp" />
    <ClCompile Include="Source\ColliderManager.cpp" />
    <ClCompile Include="Source\CollisionManager.cpp" />
    <ClCompile Include="Source\CQuad.cpp" />
    <ClCompile Include="Source\FPCamera.cpp" />
    <ClCompile Include="Source\GameManager.cpp" />
    <ClCompile Include="Source\GameObject.cpp" />
    <ClCompile Include="Source\GameObjectManager.cpp" />
    <ClCompile Include="Source\Light.cpp" />
    <ClCompile Include="Source\LoadOBJ.cpp" />
    <ClCompile Include="Source\LoadPNG.cpp" />
    <ClCompile Include="Source\LoadTGA.cpp" />
    <ClCompile Include="Source\main.cpp" />
    <ClCompile Include="Source\Material.cpp" />
    <ClCompile Include="Source\Mesh.cpp" />
    <ClCompile Include="Source\MeshBuilder.cpp" />
    <ClCompile Include="Source\PlayerHitBox.cpp" />
    <ClCompile Include="Source\PlinkoBall.cpp" />
    <ClCompile Include="Source\PlinkoBoard.cpp" />
    <ClCompile Include="Source\PlinkoCylinder.cpp" />
    <ClCompile Include="Source\PlinkoGlass.cpp" />
    <ClCompile Include="Source\PlinkoPointsWall.cpp" />
    <ClCompile Include="Source\PlinkoWall.cpp" />
    <ClCompile Include="Source\RigidBody.cpp" />
    <ClCompile Include="Source\Scene.cpp" />
    <ClCompile Include="Source\SceneGame.cpp" />
    <ClCompile Include="Source\SceneManager.cpp" />
    <ClCompile Include="Source\ScenePlinko.cpp" />
    <ClCompile Include="Source\shader.cpp" />
    <ClCompile Include="Source\Time.cpp" />
    <ClCompile Include="Source\Utility.cpp" />
    <ClCompile Include="Source\CK_Table.cpp" />
    <ClCompile Include="Source\CK_Floor.cpp" />
    <ClCompile Include="Source\CK_Counter2.cpp" />
    <ClCompile Include="Source\CK_Counter.cpp" />
    <ClCompile Include="Source\CK_Can.cpp" />
    <ClCompile Include="Source\CK_BoothWall.cpp" />
    <ClCompile Include="Source\CK_BoothRoof.cpp" />
    <ClCompile Include="Source\CK_Ball.cpp" />
    <ClCompile Include="Source\SceneCanKnockdown.cpp" />
    <ClCompile Include="Source\MeshManager.cpp" />
    <ClCompile Include="Source\Button_UI.cpp" />
    <ClCompile Include="Source\SceneRingToss.cpp" />
    <ClCompile Include="Source\TossBoard.cpp" />
    <ClCompile Include="Source\DS_BoothRoof.cpp">
      <Filter>DuckShooting</Filter>
    </ClCompile>
    <ClCompile Include="Source\DS_BoothWall.cpp">
      <Filter>DuckShooting</Filter>
    </ClCompile>
    <ClCompile Include="Source\DS_Bullet.cpp">
      <Filter>DuckShooting</Filter>
    </ClCompile>
    <ClCompile Include="Source\DS_Conveyor.cpp">
      <Filter>DuckShooting</Filter>
    </ClCompile>
    <ClCompile Include="Source\DS_Counter.cpp">
      <Filter>DuckShooting</Filter>
    </ClCompile>
    <ClCompile Include="Source\DS_Counter2.cpp">
      <Filter>DuckShooting</Filter>
    </ClCompile>
    <ClCompile Include="Source\DS_Duck.cpp">
      <Filter>DuckShooting</Filter>
    </ClCompile>
    <ClCompile Include="Source\DS_Floor.cpp">
      <Filter>DuckShooting</Filter>
    </ClCompile>
    <ClCompile Include="Source\DS_Pillar.cpp">
      <Filter>DuckShooting</Filter>
    </ClCompile>
    <ClCompile Include="Source\SceneDuckShooting.cpp">
      <Filter>DuckShooting</Filter>
    </ClCompile>
    <ClCompile Include="Source\MainMenu.cpp">
      <Filter>MainMenu</Filter>
    </ClCompile>
    <ClCompile Include="Source\SceneEnding.cpp" />
  </ItemGroup>
  <ItemGroup>
    <ClInclude Include="..\..\..\..\..\..\..\..\School\DX1125 - CGSPRJ - WIU\DXGL-FRAMEWORK\Application\Source\CQuad.h" />
    <ClInclude Include="..\Common\Source\MyMath.h" />
    <ClInclude Include="Source\Application.h" />
    <ClInclude Include="Source\Camera.h" />
    <ClInclude Include="Source\CarnivalHitBoxes.h" />
    <ClInclude Include="Source\CircusTent.h" />
    <ClInclude Include="Source\carnivalroaming.h" />
    <ClInclude Include="Source\ColliderManager.h" />
    <ClInclude Include="Source\CollisionManager.h" />
    <ClInclude Include="Source\FPCamera.h" />
    <ClInclude Include="Source\GameManager.h" />
    <ClInclude Include="Source\GameObject.h" />
    <ClInclude Include="Source\GameObjectManager.h" />
    <ClInclude Include="Source\Light.h" />
    <ClInclude Include="Source\LoadOBJ.h" />
    <ClInclude Include="Source\LoadPNG.h" />
    <ClInclude Include="Source\LoadTGA.h" />
    <ClInclude Include="Source\Material.h" />
    <ClInclude Include="Source\Mesh.h" />
    <ClInclude Include="Source\PlayerHitBox.h" />
    <ClInclude Include="Source\PlinkoBall.h" />
    <ClInclude Include="Source\PlinkoBoard.h" />
    <ClInclude Include="Source\PlinkoCylinder.h" />
    <ClInclude Include="Source\PlinkoGlass.h" />
    <ClInclude Include="Source\PlinkoPointsWall.h" />
    <ClInclude Include="Source\PlinkoWall.h" />
    <ClInclude Include="Source\RigidBody.h" />
    <ClInclude Include="Source\Scene.h" />
    <ClInclude Include="Source\SceneGame.h" />
    <ClInclude Include="Source\SceneManager.h" />
    <ClInclude Include="Source\ScenePlinko.h" />
    <ClInclude Include="Source\shader.hpp" />
    <ClInclude Include="Source\Time.h" />
    <ClInclude Include="Source\Utility.h" />
    <ClInclude Include="Source\Vertex.h" />
    <ClInclude Include="Source\CK_Table.h" />
    <ClInclude Include="Source\CK_Floor.h" />
    <ClInclude Include="Source\CK_Counter2.h" />
    <ClInclude Include="Source\CK_Counter.h" />
    <ClInclude Include="Source\CK_Can.h" />
    <ClInclude Include="Source\CK_BoothWall.h" />
    <ClInclude Include="Source\CK_BoothRoof.h" />
    <ClInclude Include="Source\CK_Ball.h" />
    <ClInclude Include="Source\SceneCanKnockdown.h" />
    <ClInclude Include="Source\MeshBuilder.h" />
    <ClInclude Include="Source\MeshManager.h" />
    <ClCompile Include="Source\Application.cpp">
      <Filter>Source Files</Filter>
    </ClCompile>
    <ClCompile Include="Source\main.cpp">
      <Filter>Source Files</Filter>
    </ClCompile>
    <ClCompile Include="Source\shader.cpp">
      <Filter>Source Files</Filter>
    </ClCompile>
    <ClCompile Include="Source\Mesh.cpp">
      <Filter>Source Files</Filter>
    </ClCompile>
    <ClCompile Include="Source\MeshBuilder.cpp">
      <Filter>Source Files</Filter>
    </ClCompile>
    <ClCompile Include="Source\GameObject.cpp">
      <Filter>Source Files</Filter>
    </ClCompile>
    <ClCompile Include="Source\Camera.cpp">
      <Filter>Source Files</Filter>
    </ClCompile>
    <ClCompile Include="Source\Material.cpp">
      <Filter>Source Files</Filter>
    </ClCompile>
    <ClCompile Include="Source\Light.cpp">
      <Filter>Source Files</Filter>
    </ClCompile>
    <ClCompile Include="Source\LoadTGA.cpp">
      <Filter>Source Files</Filter>
    </ClCompile>
    <ClCompile Include="Source\LoadOBJ.cpp">
      <Filter>Source Files</Filter>
    </ClCompile>
    <ClCompile Include="Source\Scene.cpp">
      <Filter>Source Files\Scene</Filter>
    </ClCompile>
    <ClCompile Include="Source\FPCamera.cpp">
      <Filter>Source Files</Filter>
    </ClCompile>
    <ClCompile Include="Source\SceneGame.cpp">
      <Filter>Source Files\Scene</Filter>
    </ClCompile>
    <ClCompile Include="Source\Time.cpp">
      <Filter>Source Files</Filter>
    </ClCompile>
    <ClCompile Include="Source\SceneManager.cpp">
      <Filter>Source Files\Managers</Filter>
    </ClCompile>
    <ClCompile Include="Source\LoadPNG.cpp">
      <Filter>Source Files</Filter>
    </ClCompile>
    <ClCompile Include="Source\RigidBody.cpp">
      <Filter>Source Files</Filter>
    </ClCompile>
    <ClCompile Include="Source\CollisionManager.cpp">
      <Filter>Source Files\Managers</Filter>
    </ClCompile>
    <ClCompile Include="Source\GameObjectManager.cpp">
      <Filter>Source Files\Managers\GameManager</Filter>
    </ClCompile>
    <ClCompile Include="Source\CQuad.cpp">
      <Filter>Source Files\Managers\GameManager</Filter>
    </ClCompile>
    <ClCompile Include="Source\Utility.cpp">
      <Filter>Source Files</Filter>
    </ClCompile>
    <ClCompile Include="Source\ColliderManager.cpp">
      <Filter>Source Files\Managers</Filter>
    </ClCompile>
    <ClInclude Include="Source\Button_UI.h" />
    <ClInclude Include="Source\SceneRingToss.h" />
    <ClInclude Include="Source\TossBoard.h" />
    <ClInclude Include="Source\DS_Pillar.h">
      <Filter>DuckShooting</Filter>
    </ClInclude>
    <ClInclude Include="Source\DS_BoothRoof.h">
      <Filter>DuckShooting</Filter>
    </ClInclude>
    <ClInclude Include="Source\DS_BoothWall.h">
      <Filter>DuckShooting</Filter>
    </ClInclude>
    <ClInclude Include="Source\DS_Bullet.h">
      <Filter>DuckShooting</Filter>
    </ClInclude>
    <ClInclude Include="Source\DS_Conveyor.h">
      <Filter>DuckShooting</Filter>
    </ClInclude>
    <ClInclude Include="Source\DS_Counter.h">
      <Filter>DuckShooting</Filter>
    </ClInclude>
    <ClInclude Include="Source\DS_Counter2.h">
      <Filter>DuckShooting</Filter>
    </ClInclude>
    <ClInclude Include="Source\DS_Duck.h">
      <Filter>DuckShooting</Filter>
    </ClInclude>
    <ClInclude Include="Source\DS_Floor.h">
      <Filter>DuckShooting</Filter>
    </ClInclude>
    <ClInclude Include="Source\SceneDuckShooting.h">
      <Filter>DuckShooting</Filter>
    </ClInclude>
    <ClInclude Include="Source\MainMenu.h">
      <Filter>MainMenu</Filter>
    </ClInclude>
    <ClCompile Include="Source\Button_UI.cpp">
      <Filter>Source Files</Filter>
    </ClCompile>
    <ClInclude Include="Source\SceneEnding.h" />
  </ItemGroup>
  <ItemGroup>
    <ClInclude Include="Source\Application.h">
      <Filter>Header Files</Filter>
    </ClInclude>
    <ClInclude Include="Source\shader.hpp">
      <Filter>Header Files</Filter>
    </ClInclude>
    <ClInclude Include="Source\MeshBuilder.h">
      <Filter>Header Files</Filter>
    </ClInclude>
    <ClInclude Include="Source\Vertex.h">
      <Filter>Header Files</Filter>
    </ClInclude>
    <ClInclude Include="Source\Mesh.h">
      <Filter>Header Files</Filter>
    </ClInclude>
    <ClInclude Include="Source\GameObject.h">
      <Filter>Header Files</Filter>
    </ClInclude>
    <ClInclude Include="Source\Camera.h">
      <Filter>Header Files</Filter>
    </ClInclude>
    <ClInclude Include="Source\Material.h">
      <Filter>Header Files</Filter>
    </ClInclude>
    <ClInclude Include="Source\Light.h">
      <Filter>Header Files</Filter>
    </ClInclude>
    <ClInclude Include="..\Common\Source\MyMath.h">
      <Filter>Header Files</Filter>
    </ClInclude>
    <ClInclude Include="Source\LoadTGA.h">
      <Filter>Header Files</Filter>
    </ClInclude>
    <ClInclude Include="Source\LoadOBJ.h">
      <Filter>Header Files</Filter>
    </ClInclude>
    <ClInclude Include="Source\Scene.h">
      <Filter>Header Files\Scene</Filter>
    </ClInclude>
    <ClInclude Include="Source\FPCamera.h">
      <Filter>Header Files</Filter>
    </ClInclude>
    <ClInclude Include="Source\SceneGame.h">
      <Filter>Header Files\Scene</Filter>
    </ClInclude>
    <ClInclude Include="Source\Time.h">
      <Filter>Header Files</Filter>
    </ClInclude>
    <ClInclude Include="Source\LoadPNG.h">
      <Filter>Header Files</Filter>
    </ClInclude>
    <ClInclude Include="Source\RigidBody.h">
      <Filter>Header Files</Filter>
    </ClInclude>
    <ClInclude Include="Source\CollisionManager.h">
      <Filter>Header Files\Managers</Filter>
    </ClInclude>
    <ClInclude Include="..\..\..\..\..\..\..\..\School\DX1125 - CGSPRJ - WIU\DXGL-FRAMEWORK\Application\Source\CQuad.h">
      <Filter>Header Files\Managers\GameManager</Filter>
    </ClInclude>
    <ClInclude Include="Source\Utility.h">
      <Filter>Header Files</Filter>
    </ClInclude>
    <ClInclude Include="Source\ColliderManager.h">
      <Filter>Header Files\Managers</Filter>
    </ClInclude>
    <ClInclude Include="Source\GameObjectManager.h">
      <Filter>Header Files\Managers\GameManager</Filter>
    </ClInclude>
    <ClInclude Include="Source\SceneManager.h">
      <Filter>Header Files\Managers</Filter>
    </ClInclude>
  </ItemGroup>
  <ItemGroup>
    <Filter Include="DuckShooting">
      <UniqueIdentifier>{32299e5b-d6db-4845-b36e-3b3e478f2d81}</UniqueIdentifier>
    </Filter>
    <Filter Include="MainMenu">
      <UniqueIdentifier>{4459fb01-da36-46e4-8deb-d9b98696bf8d}</UniqueIdentifier>
    </Filter>
    <ClInclude Include="Source\Button_UI.h">
      <Filter>Header Files</Filter>
    </ClInclude>
  </ItemGroup>
</Project>