<?xml version="1.0" encoding="utf-8"?>
<Project ToolsVersion="4.0" xmlns="http://schemas.microsoft.com/developer/msbuild/2003">
  <ItemGroup>
    <ClCompile Include="Source\Application.cpp" />
    <ClCompile Include="Source\Camera.cpp" />
    <ClCompile Include="Source\CarnivalHitBoxes.cpp" />
    <ClCompile Include="Source\CircusTent.cpp" />
    <ClCompile Include="Source\carnivalroaming.cpp" />
    <ClCompile Include="Source\ColliderManager.cpp" />
    <ClCompile Include="Source\CollisionManager.cpp" />
    <ClCompile Include="Source\CQuad.cpp" />
    <ClCompile Include="Source\FPCamera.cpp" />
    <ClCompile Include="Source\GameManager.cpp" />
    <ClCompile Include="Source\GameObject.cpp" />
    <ClCompile Include="Source\GameObjectManager.cpp" />
    <ClCompile Include="Source\Light.cpp" />
    <ClCompile Include="Source\LoadOBJ.cpp" />
    <ClCompile Include="Source\LoadPNG.cpp" />
    <ClCompile Include="Source\LoadTGA.cpp" />
    <ClCompile Include="Source\main.cpp" />
    <ClCompile Include="Source\Material.cpp" />
    <ClCompile Include="Source\Mesh.cpp" />
    <ClCompile Include="Source\MeshBuilder.cpp" />
    <ClCompile Include="Source\PlayerHitBox.cpp" />
    <ClCompile Include="Source\PlinkoBall.cpp" />
    <ClCompile Include="Source\PlinkoBoard.cpp" />
    <ClCompile Include="Source\PlinkoCylinder.cpp" />
    <ClCompile Include="Source\PlinkoGlass.cpp" />
    <ClCompile Include="Source\PlinkoPointsWall.cpp" />
    <ClCompile Include="Source\PlinkoWall.cpp" />
    <ClCompile Include="Source\RigidBody.cpp" />
    <ClCompile Include="Source\Scene.cpp" />
    <ClCompile Include="Source\SceneGame.cpp" />
    <ClCompile Include="Source\SceneManager.cpp" />
    <ClCompile Include="Source\ScenePlinko.cpp" />
    <ClCompile Include="Source\shader.cpp" />
    <ClCompile Include="Source\Time.cpp" />
    <ClCompile Include="Source\Utility.cpp" />
    <ClCompile Include="Source\CK_Table.cpp" />
    <ClCompile Include="Source\CK_Floor.cpp" />
    <ClCompile Include="Source\CK_Counter2.cpp" />
    <ClCompile Include="Source\CK_Counter.cpp" />
    <ClCompile Include="Source\CK_Can.cpp" />
    <ClCompile Include="Source\CK_BoothWall.cpp" />
    <ClCompile Include="Source\CK_BoothRoof.cpp" />
    <ClCompile Include="Source\CK_Ball.cpp" />
    <ClCompile Include="Source\SceneCanKnockdown.cpp" />
    <ClCompile Include="Source\MeshManager.cpp" />
  </ItemGroup>
  <ItemGroup>
    <ClInclude Include="..\..\..\..\..\..\..\..\School\DX1125 - CGSPRJ - WIU\DXGL-FRAMEWORK\Application\Source\CQuad.h" />
    <ClInclude Include="..\Common\Source\MyMath.h" />
    <ClInclude Include="Source\Application.h" />
    <ClInclude Include="Source\Camera.h" />
    <ClInclude Include="Source\CarnivalHitBoxes.h" />
    <ClInclude Include="Source\CircusTent.h" />
    <ClInclude Include="Source\carnivalroaming.h" />
    <ClInclude Include="Source\ColliderManager.h" />
    <ClInclude Include="Source\CollisionManager.h" />
    <ClInclude Include="Source\FPCamera.h" />
    <ClInclude Include="Source\GameManager.h" />
    <ClInclude Include="Source\GameObject.h" />
    <ClInclude Include="Source\GameObjectManager.h" />
    <ClInclude Include="Source\Light.h" />
    <ClInclude Include="Source\LoadOBJ.h" />
    <ClInclude Include="Source\LoadPNG.h" />
    <ClInclude Include="Source\LoadTGA.h" />
    <ClInclude Include="Source\Material.h" />
    <ClInclude Include="Source\Mesh.h" />
    <ClInclude Include="Source\PlayerHitBox.h" />
    <ClInclude Include="Source\PlinkoBall.h" />
    <ClInclude Include="Source\PlinkoBoard.h" />
    <ClInclude Include="Source\PlinkoCylinder.h" />
    <ClInclude Include="Source\PlinkoGlass.h" />
    <ClInclude Include="Source\PlinkoPointsWall.h" />
    <ClInclude Include="Source\PlinkoWall.h" />
    <ClInclude Include="Source\RigidBody.h" />
    <ClInclude Include="Source\Scene.h" />
    <ClInclude Include="Source\SceneGame.h" />
    <ClInclude Include="Source\SceneManager.h" />
    <ClInclude Include="Source\ScenePlinko.h" />
    <ClInclude Include="Source\shader.hpp" />
    <ClInclude Include="Source\Time.h" />
    <ClInclude Include="Source\Utility.h" />
    <ClInclude Include="Source\Vertex.h" />
    <ClInclude Include="Source\CK_Table.h" />
    <ClInclude Include="Source\CK_Floor.h" />
    <ClInclude Include="Source\CK_Counter2.h" />
    <ClInclude Include="Source\CK_Counter.h" />
    <ClInclude Include="Source\CK_Can.h" />
    <ClInclude Include="Source\CK_BoothWall.h" />
    <ClInclude Include="Source\CK_BoothRoof.h" />
    <ClInclude Include="Source\CK_Ball.h" />
    <ClInclude Include="Source\SceneCanKnockdown.h" />
    <ClInclude Include="Source\MeshBuilder.h" />
    <ClInclude Include="Source\MeshManager.h" />
  </ItemGroup>
</Project>